{
  "name": "data-maks",
  "version": "1.0.0",
  "lockfileVersion": 1,
  "requires": true,
  "dependencies": {
    "data-mask": {
      "version": "0.0.4",
      "resolved": "https://registry.npmjs.org/data-mask/-/data-mask-0.0.4.tgz",
      "integrity": "sha1-yoZWThLq/3h7Sqv76KNwnJDyiU4="
    }
  }
}
